<?xml version="1.0" encoding="utf-8"?>
<Project ToolsVersion="4.0" xmlns="http://schemas.microsoft.com/developer/msbuild/2003">
  <ItemGroup>
    <Filter Include="Source Files">
      <UniqueIdentifier>{da5697ff-3290-402d-8f48-42828ef98fc1}</UniqueIdentifier>
      <Extensions>cpp;c;cxx;def;odl;idl;hpj;bat;asm</Extensions>
    </Filter>
    <Filter Include="Header Files">
      <UniqueIdentifier>{9c1e0b76-32a1-4a0c-b8b3-7715f4e07730}</UniqueIdentifier>
      <Extensions>h;hpp;hxx;hm;inl;inc</Extensions>
    </Filter>
    <Filter Include="Resource Files">
      <UniqueIdentifier>{2ce45355-a7cf-48e2-ab53-60d1e52357ff}</UniqueIdentifier>
      <Extensions>rc;ico;cur;bmp;dlg;rc2;rct;bin;rgs;jpg;jpeg;jpe;manifest</Extensions>
    </Filter>
    <Filter Include="DiskLib">
      <UniqueIdentifier>{0fed6fcc-4442-4292-a9b8-8c0b50fe48f9}</UniqueIdentifier>
    </Filter>
  </ItemGroup>
  <ItemGroup>
    <ClCompile Include="stdafx.cpp">
      <Filter>Source Files</Filter>
    </ClCompile>
    <ClCompile Include="KFileRecovery.cpp">
      <Filter>Source Files</Filter>
    </ClCompile>
    <ClCompile Include="MainFrm.cpp">
      <Filter>Source Files</Filter>
    </ClCompile>
    <ClCompile Include="ChildFrm.cpp">
      <Filter>Source Files</Filter>
    </ClCompile>
    <ClCompile Include="KFileRecoveryView.cpp">
      <Filter>Source Files</Filter>
    </ClCompile>
    <ClCompile Include="AboutDlg.cpp">
      <Filter>Source Files</Filter>
    </ClCompile>
    <ClCompile Include="DiskLib\KDisk.cpp">
      <Filter>DiskLib</Filter>
    </ClCompile>
    <ClCompile Include="DiskLib\PubFun.cpp">
      <Filter>DiskLib</Filter>
    </ClCompile>
    <ClCompile Include="DiskLib\KDiskEnum.cpp">
      <Filter>DiskLib</Filter>
    </ClCompile>
    <ClCompile Include="SelectPartitionDlg.cpp">
      <Filter>Source Files</Filter>
    </ClCompile>
  </ItemGroup>
  <ItemGroup>
    <ClInclude Include="stdafx.h">
      <Filter>Header Files</Filter>
    </ClInclude>
    <ClInclude Include="MainFrm.h">
      <Filter>Header Files</Filter>
    </ClInclude>
    <ClInclude Include="ChildFrm.h">
      <Filter>Header Files</Filter>
    </ClInclude>
    <ClInclude Include="KFileRecoveryView.h">
      <Filter>Header Files</Filter>
    </ClInclude>
    <ClInclude Include="AboutDlg.h">
      <Filter>Header Files</Filter>
    </ClInclude>
    <ClInclude Include="resource.h">
      <Filter>Header Files</Filter>
    </ClInclude>
    <ClInclude Include="DiskLib\KDisk.h">
      <Filter>DiskLib</Filter>
    </ClInclude>
    <ClInclude Include="DiskLib\KDiskDef.h">
      <Filter>DiskLib</Filter>
    </ClInclude>
    <ClInclude Include="DiskLib\PubFun.h">
      <Filter>DiskLib</Filter>
    </ClInclude>
    <ClInclude Include="DiskLib\KDiskEnum.h">
      <Filter>DiskLib</Filter>
    </ClInclude>
    <ClInclude Include="SelectPartitionDlg.h">
      <Filter>Header Files</Filter>
    </ClInclude>
  </ItemGroup>
  <ItemGroup>
    <ResourceCompile Include="KFileRecovery.rc">
      <Filter>Resource Files</Filter>
    </ResourceCompile>
  </ItemGroup>
  <ItemGroup>
    <None Include="res\toolbar.bmp">
      <Filter>Resource Files</Filter>
    </None>
    <None Include="res\KFileRecovery.ico">
      <Filter>Resource Files</Filter>
    </None>
    <None Include="res\KFileRecoveryDoc.ico">
      <Filter>Resource Files</Filter>
    </None>
    <None Include="res\diskhd.ico">
      <Filter>Resource Files</Filter>
    </None>
    <None Include="res\diskrm.ico">
      <Filter>Resource Files</Filter>
    </None>
    <None Include="res\disk.bmp">
      <Filter>Resource Files</Filter>
    </None>
  </ItemGroup>
</Project>